{
  "name": "mostik-local",
  "version": "5.3.24-local",
  "lockfileVersion": 3,
  "requires": true,
  "packages": {
    "": {
      "name": "mostik-local",
      "version": "5.3.24-local",
      "dependencies": {
        "@electric-sql/pglite": "0.5.8"
      },
      "engines": {
        "node": ">=20"
      }
    },
    "node_modules/@electric-sql/pglite": {
      "version": "0.5.8",
      "license": "Apache-2.0"
    }
  }
}
